
Microsoft Visual Studio Solution File, Format Version 12.00
# Visual Studio Version 16
VisualStudioVersion = 16.0.31004.235
MinimumVisualStudioVersion = 10.0.40219.1
Project("{FAE04EC0-301F-11D3-BF4B-00C04F79EFBC}") = "GiadaExcelDataParser", "GiadaExcelDataParser.csproj", "{C2BC26E8-A5FE-4495-98C1-854626BBAD95}"
EndProject
Global
	GlobalSection(SolutionConfigurationPlatforms) = preSolution
		Debug|Any CPU = Debug|Any CPU
		Release|Any CPU = Release|Any CPU
	EndGlobalSection
	GlobalSection(ProjectConfigurationPlatforms) = postSolution
		{C2BC26E8-A5FE-4495-98C1-854626BBAD95}.Debug|Any CPU.ActiveCfg = Debug|Any CPU
		{C2BC26E8-A5FE-4495-98C1-854626BBAD95}.Debug|Any CPU.Build.0 = Debug|Any CPU
		{C2BC26E8-A5FE-4495-98C1-854626BBAD95}.Release|Any CPU.ActiveCfg = Release|Any CPU
		{C2BC26E8-A5FE-4495-98C1-854626BBAD95}.Release|Any CPU.Build.0 = Release|Any CPU
	EndGlobalSection
	GlobalSection(SolutionProperties) = preSolution
		HideSolutionNode = FALSE
	EndGlobalSection
	GlobalSection(ExtensibilityGlobals) = postSolution
		SolutionGuid = {8A58A857-3351-4319-B88E-932441956102}
	EndGlobalSection
EndGlobal
